
Microsoft Visual Studio Solution File, Format Version 12.00
# Visual Studio Version 17
VisualStudioVersion = 17.1.32328.378
MinimumVisualStudioVersion = 10.0.40219.1
Project("{FAE04EC0-301F-11D3-BF4B-00C04F79EFBC}") = "24NEWSMVC", "24NEWSMVC\24NEWSMVC.csproj", "{AAFDA5FD-A05A-4A52-A1CC-39B734053C65}"
EndProject
Project("{FAE04EC0-301F-11D3-BF4B-00C04F79EFBC}") = "24NEWSAPI", "24NEWSAPI\24NEWSAPI.csproj", "{4F8527BD-1EC3-4E9E-80EE-62BAA1CE5FA7}"
EndProject
Global
	GlobalSection(SolutionConfigurationPlatforms) = preSolution
		Debug|Any CPU = Debug|Any CPU
		Release|Any CPU = Release|Any CPU
	EndGlobalSection
	GlobalSection(ProjectConfigurationPlatforms) = postSolution
		{AAFDA5FD-A05A-4A52-A1CC-39B734053C65}.Debug|Any CPU.ActiveCfg = Debug|Any CPU
		{AAFDA5FD-A05A-4A52-A1CC-39B734053C65}.Debug|Any CPU.Build.0 = Debug|Any CPU
		{AAFDA5FD-A05A-4A52-A1CC-39B734053C65}.Release|Any CPU.ActiveCfg = Release|Any CPU
		{AAFDA5FD-A05A-4A52-A1CC-39B734053C65}.Release|Any CPU.Build.0 = Release|Any CPU
		{4F8527BD-1EC3-4E9E-80EE-62BAA1CE5FA7}.Debug|Any CPU.ActiveCfg = Debug|Any CPU
		{4F8527BD-1EC3-4E9E-80EE-62BAA1CE5FA7}.Debug|Any CPU.Build.0 = Debug|Any CPU
		{4F8527BD-1EC3-4E9E-80EE-62BAA1CE5FA7}.Release|Any CPU.ActiveCfg = Release|Any CPU
		{4F8527BD-1EC3-4E9E-80EE-62BAA1CE5FA7}.Release|Any CPU.Build.0 = Release|Any CPU
	EndGlobalSection
	GlobalSection(SolutionProperties) = preSolution
		HideSolutionNode = FALSE
	EndGlobalSection
	GlobalSection(ExtensibilityGlobals) = postSolution
		SolutionGuid = {27332A15-8724-4F87-B22E-31035BF47B93}
	EndGlobalSection
EndGlobal
